
Microsoft Visual Studio Solution File, Format Version 12.00
# Visual Studio Version 17
VisualStudioVersion = 17.0.31903.59
MinimumVisualStudioVersion = 10.0.40219.1
Project("{2150E333-8FDC-42A3-9474-1A3956D46DE8}") = "src", "src", "{827E0CD3-B72D-47B6-A68D-7590B98EB39B}"
EndProject
Project("{FAE04EC0-301F-11D3-BF4B-00C04F79EFBC}") = "Lccap.Domain", "src\Lccap.Domain\Lccap.Domain.csproj", "{D0539F2D-E735-4049-B2B7-331D83E5AF64}"
EndProject
Project("{FAE04EC0-301F-11D3-BF4B-00C04F79EFBC}") = "Lccap.Application", "src\Lccap.Application\Lccap.Application.csproj", "{E050571F-851A-479C-8E25-093B8B028378}"
EndProject
Project("{FAE04EC0-301F-11D3-BF4B-00C04F79EFBC}") = "Lccap.Infrastructure", "src\Lccap.Infrastructure\Lccap.Infrastructure.csproj", "{DFBD1DA7-2646-4DC8-9945-1FA1110BB694}"
EndProject
Project("{FAE04EC0-301F-11D3-BF4B-00C04F79EFBC}") = "Lccap.Api", "src\Lccap.Api\Lccap.Api.csproj", "{CBAF5327-D2AE-49A0-B0C5-D840D917F56D}"
EndProject
Project("{FAE04EC0-301F-11D3-BF4B-00C04F79EFBC}") = "Lccap.Domain.Tests", "tests\Lccap.Domain.Tests\Lccap.Domain.Tests.csproj", "{00E782B4-0A49-4B94-A856-694D2B491AD0}"
EndProject
Project("{FAE04EC0-301F-11D3-BF4B-00C04F79EFBC}") = "Lccap.Application.Tests", "tests\Lccap.Application.Tests\Lccap.Application.Tests.csproj", "{2B051437-9A47-41FB-8009-F2919ADB46AD}"
EndProject
Project("{FAE04EC0-301F-11D3-BF4B-00C04F79EFBC}") = "Lccap.Infrastructure.Tests", "tests\Lccap.Infrastructure.Tests\Lccap.Infrastructure.Tests.csproj", "{99C16435-4E1C-4B77-B138-0008AB72AF16}"
EndProject
Project("{FAE04EC0-301F-11D3-BF4B-00C04F79EFBC}") = "Lccap.Api.Tests", "tests\Lccap.Api.Tests\Lccap.Api.Tests.csproj", "{C79D3DE1-84D0-4D0D-BE59-DD4E5D261490}"
EndProject
Global
	GlobalSection(SolutionConfigurationPlatforms) = preSolution
		Debug|Any CPU = Debug|Any CPU
		Debug|x64 = Debug|x64
		Debug|x86 = Debug|x86
		Release|Any CPU = Release|Any CPU
		Release|x64 = Release|x64
		Release|x86 = Release|x86
	EndGlobalSection
	GlobalSection(ProjectConfigurationPlatforms) = postSolution
		{D0539F2D-E735-4049-B2B7-331D83E5AF64}.Debug|Any CPU.ActiveCfg = Debug|Any CPU
		{D0539F2D-E735-4049-B2B7-331D83E5AF64}.Debug|Any CPU.Build.0 = Debug|Any CPU
		{D0539F2D-E735-4049-B2B7-331D83E5AF64}.Debug|x64.ActiveCfg = Debug|Any CPU
		{D0539F2D-E735-4049-B2B7-331D83E5AF64}.Debug|x64.Build.0 = Debug|Any CPU
		{D0539F2D-E735-4049-B2B7-331D83E5AF64}.Debug|x86.ActiveCfg = Debug|Any CPU
		{D0539F2D-E735-4049-B2B7-331D83E5AF64}.Debug|x86.Build.0 = Debug|Any CPU
		{D0539F2D-E735-4049-B2B7-331D83E5AF64}.Release|Any CPU.ActiveCfg = Release|Any CPU
		{D0539F2D-E735-4049-B2B7-331D83E5AF64}.Release|Any CPU.Build.0 = Release|Any CPU
		{D0539F2D-E735-4049-B2B7-331D83E5AF64}.Release|x64.ActiveCfg = Release|Any CPU
		{D0539F2D-E735-4049-B2B7-331D83E5AF64}.Release|x64.Build.0 = Release|Any CPU
		{D0539F2D-E735-4049-B2B7-331D83E5AF64}.Release|x86.ActiveCfg = Release|Any CPU
		{D0539F2D-E735-4049-B2B7-331D83E5AF64}.Release|x86.Build.0 = Release|Any CPU
		{E050571F-851A-479C-8E25-093B8B028378}.Debug|Any CPU.ActiveCfg = Debug|Any CPU
		{E050571F-851A-479C-8E25-093B8B028378}.Debug|Any CPU.Build.0 = Debug|Any CPU
		{E050571F-851A-479C-8E25-093B8B028378}.Debug|x64.ActiveCfg = Debug|Any CPU
		{E050571F-851A-479C-8E25-093B8B028378}.Debug|x64.Build.0 = Debug|Any CPU
		{E050571F-851A-479C-8E25-093B8B028378}.Debug|x86.ActiveCfg = Debug|Any CPU
		{E050571F-851A-479C-8E25-093B8B028378}.Debug|x86.Build.0 = Debug|Any CPU
		{E050571F-851A-479C-8E25-093B8B028378}.Release|Any CPU.ActiveCfg = Release|Any CPU
		{E050571F-851A-479C-8E25-093B8B028378}.Release|Any CPU.Build.0 = Release|Any CPU
		{E050571F-851A-479C-8E25-093B8B028378}.Release|x64.ActiveCfg = Release|Any CPU
		{E050571F-851A-479C-8E25-093B8B028378}.Release|x64.Build.0 = Release|Any CPU
		{E050571F-851A-479C-8E25-093B8B028378}.Release|x86.ActiveCfg = Release|Any CPU
		{E050571F-851A-479C-8E25-093B8B028378}.Release|x86.Build.0 = Release|Any CPU
		{DFBD1DA7-2646-4DC8-9945-1FA1110BB694}.Debug|Any CPU.ActiveCfg = Debug|Any CPU
		{DFBD1DA7-2646-4DC8-9945-1FA1110BB694}.Debug|Any CPU.Build.0 = Debug|Any CPU
		{DFBD1DA7-2646-4DC8-9945-1FA1110BB694}.Debug|x64.ActiveCfg = Debug|Any CPU
		{DFBD1DA7-2646-4DC8-9945-1FA1110BB694}.Debug|x64.Build.0 = Debug|Any CPU
		{DFBD1DA7-2646-4DC8-9945-1FA1110BB694}.Debug|x86.ActiveCfg = Debug|Any CPU
		{DFBD1DA7-2646-4DC8-9945-1FA1110BB694}.Debug|x86.Build.0 = Debug|Any CPU
		{DFBD1DA7-2646-4DC8-9945-1FA1110BB694}.Release|Any CPU.ActiveCfg = Release|Any CPU
		{DFBD1DA7-2646-4DC8-9945-1FA1110BB694}.Release|Any CPU.Build.0 = Release|Any CPU
		{DFBD1DA7-2646-4DC8-9945-1FA1110BB694}.Release|x64.ActiveCfg = Release|Any CPU
		{DFBD1DA7-2646-4DC8-9945-1FA1110BB694}.Release|x64.Build.0 = Release|Any CPU
		{DFBD1DA7-2646-4DC8-9945-1FA1110BB694}.Release|x86.ActiveCfg = Release|Any CPU
		{DFBD1DA7-2646-4DC8-9945-1FA1110BB694}.Release|x86.Build.0 = Release|Any CPU
		{CBAF5327-D2AE-49A0-B0C5-D840D917F56D}.Debug|Any CPU.ActiveCfg = Debug|Any CPU
		{CBAF5327-D2AE-49A0-B0C5-D840D917F56D}.Debug|Any CPU.Build.0 = Debug|Any CPU
		{CBAF5327-D2AE-49A0-B0C5-D840D917F56D}.Debug|x64.ActiveCfg = Debug|Any CPU
		{CBAF5327-D2AE-49A0-B0C5-D840D917F56D}.Debug|x64.Build.0 = Debug|Any CPU
		{CBAF5327-D2AE-49A0-B0C5-D840D917F56D}.Debug|x86.ActiveCfg = Debug|Any CPU
		{CBAF5327-D2AE-49A0-B0C5-D840D917F56D}.Debug|x86.Build.0 = Debug|Any CPU
		{CBAF5327-D2AE-49A0-B0C5-D840D917F56D}.Release|Any CPU.ActiveCfg = Release|Any CPU
		{CBAF5327-D2AE-49A0-B0C5-D840D917F56D}.Release|Any CPU.Build.0 = Release|Any CPU
		{CBAF5327-D2AE-49A0-B0C5-D840D917F56D}.Release|x64.ActiveCfg = Release|Any CPU
		{CBAF5327-D2AE-49A0-B0C5-D840D917F56D}.Release|x64.Build.0 = Release|Any CPU
		{CBAF5327-D2AE-49A0-B0C5-D840D917F56D}.Release|x86.ActiveCfg = Release|Any CPU
		{CBAF5327-D2AE-49A0-B0C5-D840D917F56D}.Release|x86.Build.0 = Release|Any CPU
		{00E782B4-0A49-4B94-A856-694D2B491AD0}.Debug|Any CPU.ActiveCfg = Debug|Any CPU
		{00E782B4-0A49-4B94-A856-694D2B491AD0}.Debug|Any CPU.Build.0 = Debug|Any CPU
		{00E782B4-0A49-4B94-A856-694D2B491AD0}.Debug|x64.ActiveCfg = Debug|Any CPU
		{00E782B4-0A49-4B94-A856-694D2B491AD0}.Debug|x64.Build.0 = Debug|Any CPU
		{00E782B4-0A49-4B94-A856-694D2B491AD0}.Debug|x86.ActiveCfg = Debug|Any CPU
		{00E782B4-0A49-4B94-A856-694D2B491AD0}.Debug|x86.Build.0 = Debug|Any CPU
		{00E782B4-0A49-4B94-A856-694D2B491AD0}.Release|Any CPU.ActiveCfg = Release|Any CPU
		{00E782B4-0A49-4B94-A856-694D2B491AD0}.Release|Any CPU.Build.0 = Release|Any CPU
		{00E782B4-0A49-4B94-A856-694D2B491AD0}.Release|x64.ActiveCfg = Release|Any CPU
		{00E782B4-0A49-4B94-A856-694D2B491AD0}.Release|x64.Build.0 = Release|Any CPU
		{00E782B4-0A49-4B94-A856-694D2B491AD0}.Release|x86.ActiveCfg = Release|Any CPU
		{00E782B4-0A49-4B94-A856-694D2B491AD0}.Release|x86.Build.0 = Release|Any CPU
		{2B051437-9A47-41FB-8009-F2919ADB46AD}.Debug|Any CPU.ActiveCfg = Debug|Any CPU
		{2B051437-9A47-41FB-8009-F2919ADB46AD}.Debug|Any CPU.Build.0 = Debug|Any CPU
		{2B051437-9A47-41FB-8009-F2919ADB46AD}.Debug|x64.ActiveCfg = Debug|Any CPU
		{2B051437-9A47-41FB-8009-F2919ADB46AD}.Debug|x64.Build.0 = Debug|Any CPU
		{2B051437-9A47-41FB-8009-F2919ADB46AD}.Debug|x86.ActiveCfg = Debug|Any CPU
		{2B051437-9A47-41FB-8009-F2919ADB46AD}.Debug|x86.Build.0 = Debug|Any CPU
		{2B051437-9A47-41FB-8009-F2919ADB46AD}.Release|Any CPU.ActiveCfg = Release|Any CPU
		{2B051437-9A47-41FB-8009-F2919ADB46AD}.Release|Any CPU.Build.0 = Release|Any CPU
		{2B051437-9A47-41FB-8009-F2919ADB46AD}.Release|x64.ActiveCfg = Release|Any CPU
		{2B051437-9A47-41FB-8009-F2919ADB46AD}.Release|x64.Build.0 = Release|Any CPU
		{2B051437-9A47-41FB-8009-F2919ADB46AD}.Release|x86.ActiveCfg = Release|Any CPU
		{2B051437-9A47-41FB-8009-F2919ADB46AD}.Release|x86.Build.0 = Release|Any CPU
		{99C16435-4E1C-4B77-B138-0008AB72AF16}.Debug|Any CPU.ActiveCfg = Debug|Any CPU
		{99C16435-4E1C-4B77-B138-0008AB72AF16}.Debug|Any CPU.Build.0 = Debug|Any CPU
		{99C16435-4E1C-4B77-B138-0008AB72AF16}.Debug|x64.ActiveCfg = Debug|Any CPU
		{99C16435-4E1C-4B77-B138-0008AB72AF16}.Debug|x64.Build.0 = Debug|Any CPU
		{99C16435-4E1C-4B77-B138-0008AB72AF16}.Debug|x86.ActiveCfg = Debug|Any CPU
		{99C16435-4E1C-4B77-B138-0008AB72AF16}.Debug|x86.Build.0 = Debug|Any CPU
		{99C16435-4E1C-4B77-B138-0008AB72AF16}.Release|Any CPU.ActiveCfg = Release|Any CPU
		{99C16435-4E1C-4B77-B138-0008AB72AF16}.Release|Any CPU.Build.0 = Release|Any CPU
		{99C16435-4E1C-4B77-B138-0008AB72AF16}.Release|x64.ActiveCfg = Release|Any CPU
		{99C16435-4E1C-4B77-B138-0008AB72AF16}.Release|x64.Build.0 = Release|Any CPU
		{99C16435-4E1C-4B77-B138-0008AB72AF16}.Release|x86.ActiveCfg = Release|Any CPU
		{99C16435-4E1C-4B77-B138-0008AB72AF16}.Release|x86.Build.0 = Release|Any CPU
		{C79D3DE1-84D0-4D0D-BE59-DD4E5D261490}.Debug|Any CPU.ActiveCfg = Debug|Any CPU
		{C79D3DE1-84D0-4D0D-BE59-DD4E5D261490}.Debug|Any CPU.Build.0 = Debug|Any CPU
		{C79D3DE1-84D0-4D0D-BE59-DD4E5D261490}.Debug|x64.ActiveCfg = Debug|Any CPU
		{C79D3DE1-84D0-4D0D-BE59-DD4E5D261490}.Debug|x64.Build.0 = Debug|Any CPU
		{C79D3DE1-84D0-4D0D-BE59-DD4E5D261490}.Debug|x86.ActiveCfg = Debug|Any CPU
		{C79D3DE1-84D0-4D0D-BE59-DD4E5D261490}.Debug|x86.Build.0 = Debug|Any CPU
		{C79D3DE1-84D0-4D0D-BE59-DD4E5D261490}.Release|Any CPU.ActiveCfg = Release|Any CPU
		{C79D3DE1-84D0-4D0D-BE59-DD4E5D261490}.Release|Any CPU.Build.0 = Release|Any CPU
		{C79D3DE1-84D0-4D0D-BE59-DD4E5D261490}.Release|x64.ActiveCfg = Release|Any CPU
		{C79D3DE1-84D0-4D0D-BE59-DD4E5D261490}.Release|x64.Build.0 = Release|Any CPU
		{C79D3DE1-84D0-4D0D-BE59-DD4E5D261490}.Release|x86.ActiveCfg = Release|Any CPU
		{C79D3DE1-84D0-4D0D-BE59-DD4E5D261490}.Release|x86.Build.0 = Release|Any CPU
	EndGlobalSection
	GlobalSection(SolutionProperties) = preSolution
		HideSolutionNode = FALSE
	EndGlobalSection
	GlobalSection(NestedProjects) = preSolution
		{D0539F2D-E735-4049-B2B7-331D83E5AF64} = {827E0CD3-B72D-47B6-A68D-7590B98EB39B}
		{E050571F-851A-479C-8E25-093B8B028378} = {827E0CD3-B72D-47B6-A68D-7590B98EB39B}
		{DFBD1DA7-2646-4DC8-9945-1FA1110BB694} = {827E0CD3-B72D-47B6-A68D-7590B98EB39B}
		{CBAF5327-D2AE-49A0-B0C5-D840D917F56D} = {827E0CD3-B72D-47B6-A68D-7590B98EB39B}
		{00E782B4-0A49-4B94-A856-694D2B491AD0} = {827E0CD3-B72D-47B6-A68D-7590B98EB39B}
		{2B051437-9A47-41FB-8009-F2919ADB46AD} = {827E0CD3-B72D-47B6-A68D-7590B98EB39B}
		{99C16435-4E1C-4B77-B138-0008AB72AF16} = {827E0CD3-B72D-47B6-A68D-7590B98EB39B}
		{C79D3DE1-84D0-4D0D-BE59-DD4E5D261490} = {827E0CD3-B72D-47B6-A68D-7590B98EB39B}
	EndGlobalSection
EndGlobal
